<?xml version="1.0" encoding="utf-8"?>
<Project ToolsVersion="15.0" xmlns="http://schemas.microsoft.com/developer/msbuild/2003">
  <ItemGroup>
    <ClCompile Include="C:\OpenSceneGraph-3.5\OpenSceneGraph\src\osgParticle\ConnectedParticleSystem.cpp">
      <Filter>Source Files</Filter>
    </ClCompile>
    <ClCompile Include="C:\OpenSceneGraph-3.5\OpenSceneGraph\src\osgParticle\Emitter.cpp">
      <Filter>Source Files</Filter>
    </ClCompile>
    <ClCompile Include="C:\OpenSceneGraph-3.5\OpenSceneGraph\src\osgParticle\ExplosionDebrisEffect.cpp">
      <Filter>Source Files</Filter>
    </ClCompile>
    <ClCompile Include="C:\OpenSceneGraph-3.5\OpenSceneGraph\src\osgParticle\ExplosionEffect.cpp">
      <Filter>Source Files</Filter>
    </ClCompile>
    <ClCompile Include="C:\OpenSceneGraph-3.5\OpenSceneGraph\src\osgParticle\FireEffect.cpp">
      <Filter>Source Files</Filter>
    </ClCompile>
    <ClCompile Include="C:\OpenSceneGraph-3.5\OpenSceneGraph\src\osgParticle\FluidFrictionOperator.cpp">
      <Filter>Source Files</Filter>
    </ClCompile>
    <ClCompile Include="C:\OpenSceneGraph-3.5\OpenSceneGraph\src\osgParticle\FluidProgram.cpp">
      <Filter>Source Files</Filter>
    </ClCompile>
    <ClCompile Include="C:\OpenSceneGraph-3.5\OpenSceneGraph\src\osgParticle\ModularEmitter.cpp">
      <Filter>Source Files</Filter>
    </ClCompile>
    <ClCompile Include="C:\OpenSceneGraph-3.5\OpenSceneGraph\src\osgParticle\ModularProgram.cpp">
      <Filter>Source Files</Filter>
    </ClCompile>
    <ClCompile Include="C:\OpenSceneGraph-3.5\OpenSceneGraph\src\osgParticle\MultiSegmentPlacer.cpp">
      <Filter>Source Files</Filter>
    </ClCompile>
    <ClCompile Include="C:\OpenSceneGraph-3.5\OpenSceneGraph\src\osgParticle\Particle.cpp">
      <Filter>Source Files</Filter>
    </ClCompile>
    <ClCompile Include="C:\OpenSceneGraph-3.5\OpenSceneGraph\src\osgParticle\ParticleEffect.cpp">
      <Filter>Source Files</Filter>
    </ClCompile>
    <ClCompile Include="C:\OpenSceneGraph-3.5\OpenSceneGraph\src\osgParticle\ParticleProcessor.cpp">
      <Filter>Source Files</Filter>
    </ClCompile>
    <ClCompile Include="C:\OpenSceneGraph-3.5\OpenSceneGraph\src\osgParticle\ParticleSystem.cpp">
      <Filter>Source Files</Filter>
    </ClCompile>
    <ClCompile Include="C:\OpenSceneGraph-3.5\OpenSceneGraph\src\osgParticle\ParticleSystemUpdater.cpp">
      <Filter>Source Files</Filter>
    </ClCompile>
    <ClCompile Include="C:\OpenSceneGraph-3.5\OpenSceneGraph\src\osgParticle\PrecipitationEffect.cpp">
      <Filter>Source Files</Filter>
    </ClCompile>
    <ClCompile Include="C:\OpenSceneGraph-3.5\OpenSceneGraph\src\osgParticle\Program.cpp">
      <Filter>Source Files</Filter>
    </ClCompile>
    <ClCompile Include="C:\OpenSceneGraph-3.5\OpenSceneGraph\src\osgParticle\SmokeEffect.cpp">
      <Filter>Source Files</Filter>
    </ClCompile>
    <ClCompile Include="C:\OpenSceneGraph-3.5\OpenSceneGraph\src\osgParticle\SmokeTrailEffect.cpp">
      <Filter>Source Files</Filter>
    </ClCompile>
    <ClCompile Include="C:\OpenSceneGraph-3.5\OpenSceneGraph\src\osgParticle\Version.cpp">
      <Filter>Source Files</Filter>
    </ClCompile>
    <ClCompile Include="C:\OpenSceneGraph-3.5\OpenSceneGraph\src\osgParticle\DomainOperator.cpp">
      <Filter>Source Files</Filter>
    </ClCompile>
    <ClCompile Include="C:\OpenSceneGraph-3.5\OpenSceneGraph\src\osgParticle\BounceOperator.cpp">
      <Filter>Source Files</Filter>
    </ClCompile>
    <ClCompile Include="C:\OpenSceneGraph-3.5\OpenSceneGraph\src\osgParticle\SinkOperator.cpp">
      <Filter>Source Files</Filter>
    </ClCompile>
  </ItemGroup>
  <ItemGroup>
    <CustomBuild Include="C:\OpenSceneGraph-3.5\OpenSceneGraph\src\osgParticle\CMakeLists.txt" />
  </ItemGroup>
  <ItemGroup>
    <None Include="C:\OpenSceneGraph-3.5\OpenSceneGraph\include\osgParticle\AccelOperator">
      <Filter>Header Files</Filter>
    </None>
    <None Include="C:\OpenSceneGraph-3.5\OpenSceneGraph\include\osgParticle\AngularAccelOperator">
      <Filter>Header Files</Filter>
    </None>
    <None Include="C:\OpenSceneGraph-3.5\OpenSceneGraph\include\osgParticle\BoxPlacer">
      <Filter>Header Files</Filter>
    </None>
    <None Include="C:\OpenSceneGraph-3.5\OpenSceneGraph\include\osgParticle\CenteredPlacer">
      <Filter>Header Files</Filter>
    </None>
    <None Include="C:\OpenSceneGraph-3.5\OpenSceneGraph\include\osgParticle\ConnectedParticleSystem">
      <Filter>Header Files</Filter>
    </None>
    <None Include="C:\OpenSceneGraph-3.5\OpenSceneGraph\include\osgParticle\ConstantRateCounter">
      <Filter>Header Files</Filter>
    </None>
    <None Include="C:\OpenSceneGraph-3.5\OpenSceneGraph\include\osgParticle\Counter">
      <Filter>Header Files</Filter>
    </None>
    <None Include="C:\OpenSceneGraph-3.5\OpenSceneGraph\include\osgParticle\Emitter">
      <Filter>Header Files</Filter>
    </None>
    <None Include="C:\OpenSceneGraph-3.5\OpenSceneGraph\include\osgParticle\ExplosionDebrisEffect">
      <Filter>Header Files</Filter>
    </None>
    <None Include="C:\OpenSceneGraph-3.5\OpenSceneGraph\include\osgParticle\ExplosionEffect">
      <Filter>Header Files</Filter>
    </None>
    <None Include="C:\OpenSceneGraph-3.5\OpenSceneGraph\include\osgParticle\Export">
      <Filter>Header Files</Filter>
    </None>
    <None Include="C:\OpenSceneGraph-3.5\OpenSceneGraph\include\osgParticle\FireEffect">
      <Filter>Header Files</Filter>
    </None>
    <None Include="C:\OpenSceneGraph-3.5\OpenSceneGraph\include\osgParticle\FluidFrictionOperator">
      <Filter>Header Files</Filter>
    </None>
    <None Include="C:\OpenSceneGraph-3.5\OpenSceneGraph\include\osgParticle\FluidProgram">
      <Filter>Header Files</Filter>
    </None>
    <None Include="C:\OpenSceneGraph-3.5\OpenSceneGraph\include\osgParticle\ForceOperator">
      <Filter>Header Files</Filter>
    </None>
    <None Include="C:\OpenSceneGraph-3.5\OpenSceneGraph\include\osgParticle\Interpolator">
      <Filter>Header Files</Filter>
    </None>
    <None Include="C:\OpenSceneGraph-3.5\OpenSceneGraph\include\osgParticle\LinearInterpolator">
      <Filter>Header Files</Filter>
    </None>
    <None Include="C:\OpenSceneGraph-3.5\OpenSceneGraph\include\osgParticle\ModularEmitter">
      <Filter>Header Files</Filter>
    </None>
    <None Include="C:\OpenSceneGraph-3.5\OpenSceneGraph\include\osgParticle\ModularProgram">
      <Filter>Header Files</Filter>
    </None>
    <None Include="C:\OpenSceneGraph-3.5\OpenSceneGraph\include\osgParticle\MultiSegmentPlacer">
      <Filter>Header Files</Filter>
    </None>
    <None Include="C:\OpenSceneGraph-3.5\OpenSceneGraph\include\osgParticle\Operator">
      <Filter>Header Files</Filter>
    </None>
    <None Include="C:\OpenSceneGraph-3.5\OpenSceneGraph\include\osgParticle\Particle">
      <Filter>Header Files</Filter>
    </None>
    <None Include="C:\OpenSceneGraph-3.5\OpenSceneGraph\include\osgParticle\ParticleEffect">
      <Filter>Header Files</Filter>
    </None>
    <None Include="C:\OpenSceneGraph-3.5\OpenSceneGraph\include\osgParticle\ParticleProcessor">
      <Filter>Header Files</Filter>
    </None>
    <None Include="C:\OpenSceneGraph-3.5\OpenSceneGraph\include\osgParticle\ParticleSystem">
      <Filter>Header Files</Filter>
    </None>
    <None Include="C:\OpenSceneGraph-3.5\OpenSceneGraph\include\osgParticle\ParticleSystemUpdater">
      <Filter>Header Files</Filter>
    </None>
    <None Include="C:\OpenSceneGraph-3.5\OpenSceneGraph\include\osgParticle\Placer">
      <Filter>Header Files</Filter>
    </None>
    <None Include="C:\OpenSceneGraph-3.5\OpenSceneGraph\include\osgParticle\PointPlacer">
      <Filter>Header Files</Filter>
    </None>
    <None Include="C:\OpenSceneGraph-3.5\OpenSceneGraph\include\osgParticle\PrecipitationEffect">
      <Filter>Header Files</Filter>
    </None>
    <None Include="C:\OpenSceneGraph-3.5\OpenSceneGraph\include\osgParticle\Program">
      <Filter>Header Files</Filter>
    </None>
    <None Include="C:\OpenSceneGraph-3.5\OpenSceneGraph\include\osgParticle\RadialShooter">
      <Filter>Header Files</Filter>
    </None>
    <None Include="C:\OpenSceneGraph-3.5\OpenSceneGraph\include\osgParticle\RandomRateCounter">
      <Filter>Header Files</Filter>
    </None>
    <None Include="C:\OpenSceneGraph-3.5\OpenSceneGraph\include\osgParticle\range">
      <Filter>Header Files</Filter>
    </None>
    <None Include="C:\OpenSceneGraph-3.5\OpenSceneGraph\include\osgParticle\SectorPlacer">
      <Filter>Header Files</Filter>
    </None>
    <None Include="C:\OpenSceneGraph-3.5\OpenSceneGraph\include\osgParticle\SegmentPlacer">
      <Filter>Header Files</Filter>
    </None>
    <None Include="C:\OpenSceneGraph-3.5\OpenSceneGraph\include\osgParticle\Shooter">
      <Filter>Header Files</Filter>
    </None>
    <None Include="C:\OpenSceneGraph-3.5\OpenSceneGraph\include\osgParticle\SmokeEffect">
      <Filter>Header Files</Filter>
    </None>
    <None Include="C:\OpenSceneGraph-3.5\OpenSceneGraph\include\osgParticle\SmokeTrailEffect">
      <Filter>Header Files</Filter>
    </None>
    <None Include="C:\OpenSceneGraph-3.5\OpenSceneGraph\include\osgParticle\VariableRateCounter">
      <Filter>Header Files</Filter>
    </None>
    <None Include="C:\OpenSceneGraph-3.5\OpenSceneGraph\include\osgParticle\Version">
      <Filter>Header Files</Filter>
    </None>
    <None Include="C:\OpenSceneGraph-3.5\OpenSceneGraph\include\osgParticle\CompositePlacer">
      <Filter>Header Files</Filter>
    </None>
    <None Include="C:\OpenSceneGraph-3.5\OpenSceneGraph\include\osgParticle\AngularDampingOperator">
      <Filter>Header Files</Filter>
    </None>
    <None Include="C:\OpenSceneGraph-3.5\OpenSceneGraph\include\osgParticle\DampingOperator">
      <Filter>Header Files</Filter>
    </None>
    <None Include="C:\OpenSceneGraph-3.5\OpenSceneGraph\include\osgParticle\ExplosionOperator">
      <Filter>Header Files</Filter>
    </None>
    <None Include="C:\OpenSceneGraph-3.5\OpenSceneGraph\include\osgParticle\OrbitOperator">
      <Filter>Header Files</Filter>
    </None>
    <None Include="C:\OpenSceneGraph-3.5\OpenSceneGraph\include\osgParticle\DomainOperator">
      <Filter>Header Files</Filter>
    </None>
    <None Include="C:\OpenSceneGraph-3.5\OpenSceneGraph\include\osgParticle\BounceOperator">
      <Filter>Header Files</Filter>
    </None>
    <None Include="C:\OpenSceneGraph-3.5\OpenSceneGraph\include\osgParticle\SinkOperator">
      <Filter>Header Files</Filter>
    </None>
  </ItemGroup>
  <ItemGroup>
    <ResourceCompile Include="C:\OpenSceneGraph-3.5\OpenSceneGraph\PlatformSpecifics\Windows\OpenSceneGraphVersionInfo.rc">
      <Filter>Source Files</Filter>
    </ResourceCompile>
  </ItemGroup>
  <ItemGroup>
    <Filter Include="Header Files">
      <UniqueIdentifier>{572A7C32-213F-3C5C-8275-47042AE3BD21}</UniqueIdentifier>
    </Filter>
    <Filter Include="Source Files">
      <UniqueIdentifier>{A1BA5AA6-FA74-38C4-89CB-D23868A493DF}</UniqueIdentifier>
    </Filter>
  </ItemGroup>
</Project>
