<?xml version="1.0" encoding="utf-8"?>
<Project ToolsVersion="15.0" xmlns="http://schemas.microsoft.com/developer/msbuild/2003">
  <ItemGroup>
    <ClCompile Include="C:\OpenSceneGraph-3.5\OpenSceneGraph\src\osgPlugins\OpenFlight\AncillaryRecords.cpp">
      <Filter>Source Files</Filter>
    </ClCompile>
    <ClCompile Include="C:\OpenSceneGraph-3.5\OpenSceneGraph\src\osgPlugins\OpenFlight\AttrData.cpp">
      <Filter>Source Files</Filter>
    </ClCompile>
    <ClCompile Include="C:\OpenSceneGraph-3.5\OpenSceneGraph\src\osgPlugins\OpenFlight\ControlRecords.cpp">
      <Filter>Source Files</Filter>
    </ClCompile>
    <ClCompile Include="C:\OpenSceneGraph-3.5\OpenSceneGraph\src\osgPlugins\OpenFlight\DataInputStream.cpp">
      <Filter>Source Files</Filter>
    </ClCompile>
    <ClCompile Include="C:\OpenSceneGraph-3.5\OpenSceneGraph\src\osgPlugins\OpenFlight\DataOutputStream.cpp">
      <Filter>Source Files</Filter>
    </ClCompile>
    <ClCompile Include="C:\OpenSceneGraph-3.5\OpenSceneGraph\src\osgPlugins\OpenFlight\Document.cpp">
      <Filter>Source Files</Filter>
    </ClCompile>
    <ClCompile Include="C:\OpenSceneGraph-3.5\OpenSceneGraph\src\osgPlugins\OpenFlight\expAncillaryRecords.cpp">
      <Filter>Source Files</Filter>
    </ClCompile>
    <ClCompile Include="C:\OpenSceneGraph-3.5\OpenSceneGraph\src\osgPlugins\OpenFlight\expControlRecords.cpp">
      <Filter>Source Files</Filter>
    </ClCompile>
    <ClCompile Include="C:\OpenSceneGraph-3.5\OpenSceneGraph\src\osgPlugins\OpenFlight\expGeometryRecords.cpp">
      <Filter>Source Files</Filter>
    </ClCompile>
    <ClCompile Include="C:\OpenSceneGraph-3.5\OpenSceneGraph\src\osgPlugins\OpenFlight\expPrimaryRecords.cpp">
      <Filter>Source Files</Filter>
    </ClCompile>
    <ClCompile Include="C:\OpenSceneGraph-3.5\OpenSceneGraph\src\osgPlugins\OpenFlight\ExportOptions.cpp">
      <Filter>Source Files</Filter>
    </ClCompile>
    <ClCompile Include="C:\OpenSceneGraph-3.5\OpenSceneGraph\src\osgPlugins\OpenFlight\FltExportVisitor.cpp">
      <Filter>Source Files</Filter>
    </ClCompile>
    <ClCompile Include="C:\OpenSceneGraph-3.5\OpenSceneGraph\src\osgPlugins\OpenFlight\GeometryRecords.cpp">
      <Filter>Source Files</Filter>
    </ClCompile>
    <ClCompile Include="C:\OpenSceneGraph-3.5\OpenSceneGraph\src\osgPlugins\OpenFlight\LightPointRecords.cpp">
      <Filter>Source Files</Filter>
    </ClCompile>
    <ClCompile Include="C:\OpenSceneGraph-3.5\OpenSceneGraph\src\osgPlugins\OpenFlight\LightSourcePaletteManager.cpp">
      <Filter>Source Files</Filter>
    </ClCompile>
    <ClCompile Include="C:\OpenSceneGraph-3.5\OpenSceneGraph\src\osgPlugins\OpenFlight\MaterialPaletteManager.cpp">
      <Filter>Source Files</Filter>
    </ClCompile>
    <ClCompile Include="C:\OpenSceneGraph-3.5\OpenSceneGraph\src\osgPlugins\OpenFlight\PaletteRecords.cpp">
      <Filter>Source Files</Filter>
    </ClCompile>
    <ClCompile Include="C:\OpenSceneGraph-3.5\OpenSceneGraph\src\osgPlugins\OpenFlight\Pools.cpp">
      <Filter>Source Files</Filter>
    </ClCompile>
    <ClCompile Include="C:\OpenSceneGraph-3.5\OpenSceneGraph\src\osgPlugins\OpenFlight\PrimaryRecords.cpp">
      <Filter>Source Files</Filter>
    </ClCompile>
    <ClCompile Include="C:\OpenSceneGraph-3.5\OpenSceneGraph\src\osgPlugins\OpenFlight\ReaderWriterATTR.cpp">
      <Filter>Source Files</Filter>
    </ClCompile>
    <ClCompile Include="C:\OpenSceneGraph-3.5\OpenSceneGraph\src\osgPlugins\OpenFlight\ReaderWriterFLT.cpp">
      <Filter>Source Files</Filter>
    </ClCompile>
    <ClCompile Include="C:\OpenSceneGraph-3.5\OpenSceneGraph\src\osgPlugins\OpenFlight\Record.cpp">
      <Filter>Source Files</Filter>
    </ClCompile>
    <ClCompile Include="C:\OpenSceneGraph-3.5\OpenSceneGraph\src\osgPlugins\OpenFlight\RecordInputStream.cpp">
      <Filter>Source Files</Filter>
    </ClCompile>
    <ClCompile Include="C:\OpenSceneGraph-3.5\OpenSceneGraph\src\osgPlugins\OpenFlight\Registry.cpp">
      <Filter>Source Files</Filter>
    </ClCompile>
    <ClCompile Include="C:\OpenSceneGraph-3.5\OpenSceneGraph\src\osgPlugins\OpenFlight\ReservedRecords.cpp">
      <Filter>Source Files</Filter>
    </ClCompile>
    <ClCompile Include="C:\OpenSceneGraph-3.5\OpenSceneGraph\src\osgPlugins\OpenFlight\RoadRecords.cpp">
      <Filter>Source Files</Filter>
    </ClCompile>
    <ClCompile Include="C:\OpenSceneGraph-3.5\OpenSceneGraph\src\osgPlugins\OpenFlight\TexturePaletteManager.cpp">
      <Filter>Source Files</Filter>
    </ClCompile>
    <ClCompile Include="C:\OpenSceneGraph-3.5\OpenSceneGraph\src\osgPlugins\OpenFlight\Vertex.cpp">
      <Filter>Source Files</Filter>
    </ClCompile>
    <ClCompile Include="C:\OpenSceneGraph-3.5\OpenSceneGraph\src\osgPlugins\OpenFlight\VertexPaletteManager.cpp">
      <Filter>Source Files</Filter>
    </ClCompile>
    <ClCompile Include="C:\OpenSceneGraph-3.5\OpenSceneGraph\src\osgPlugins\OpenFlight\VertexRecords.cpp">
      <Filter>Source Files</Filter>
    </ClCompile>
  </ItemGroup>
  <ItemGroup>
    <ClInclude Include="C:\OpenSceneGraph-3.5\OpenSceneGraph\src\osgPlugins\OpenFlight\AttrData.h">
      <Filter>Header Files</Filter>
    </ClInclude>
    <ClInclude Include="C:\OpenSceneGraph-3.5\OpenSceneGraph\src\osgPlugins\OpenFlight\DataInputStream.h">
      <Filter>Header Files</Filter>
    </ClInclude>
    <ClInclude Include="C:\OpenSceneGraph-3.5\OpenSceneGraph\src\osgPlugins\OpenFlight\DataOutputStream.h">
      <Filter>Header Files</Filter>
    </ClInclude>
    <ClInclude Include="C:\OpenSceneGraph-3.5\OpenSceneGraph\src\osgPlugins\OpenFlight\ExportOptions.h">
      <Filter>Header Files</Filter>
    </ClInclude>
    <ClInclude Include="C:\OpenSceneGraph-3.5\OpenSceneGraph\src\osgPlugins\OpenFlight\FltExportVisitor.h">
      <Filter>Header Files</Filter>
    </ClInclude>
    <ClInclude Include="C:\OpenSceneGraph-3.5\OpenSceneGraph\src\osgPlugins\OpenFlight\FltWriteResult.h">
      <Filter>Header Files</Filter>
    </ClInclude>
    <ClInclude Include="C:\OpenSceneGraph-3.5\OpenSceneGraph\src\osgPlugins\OpenFlight\Document.h">
      <Filter>Header Files</Filter>
    </ClInclude>
    <ClInclude Include="C:\OpenSceneGraph-3.5\OpenSceneGraph\src\osgPlugins\OpenFlight\LightSourcePaletteManager.h">
      <Filter>Header Files</Filter>
    </ClInclude>
    <ClInclude Include="C:\OpenSceneGraph-3.5\OpenSceneGraph\src\osgPlugins\OpenFlight\MaterialPaletteManager.h">
      <Filter>Header Files</Filter>
    </ClInclude>
    <ClInclude Include="C:\OpenSceneGraph-3.5\OpenSceneGraph\src\osgPlugins\OpenFlight\Pools.h">
      <Filter>Header Files</Filter>
    </ClInclude>
    <ClInclude Include="C:\OpenSceneGraph-3.5\OpenSceneGraph\src\osgPlugins\OpenFlight\Record.h">
      <Filter>Header Files</Filter>
    </ClInclude>
    <ClInclude Include="C:\OpenSceneGraph-3.5\OpenSceneGraph\src\osgPlugins\OpenFlight\RecordInputStream.h">
      <Filter>Header Files</Filter>
    </ClInclude>
    <ClInclude Include="C:\OpenSceneGraph-3.5\OpenSceneGraph\src\osgPlugins\OpenFlight\Registry.h">
      <Filter>Header Files</Filter>
    </ClInclude>
    <ClInclude Include="C:\OpenSceneGraph-3.5\OpenSceneGraph\src\osgPlugins\OpenFlight\TexturePaletteManager.h">
      <Filter>Header Files</Filter>
    </ClInclude>
    <ClInclude Include="C:\OpenSceneGraph-3.5\OpenSceneGraph\src\osgPlugins\OpenFlight\Vertex.h">
      <Filter>Header Files</Filter>
    </ClInclude>
    <ClInclude Include="C:\OpenSceneGraph-3.5\OpenSceneGraph\src\osgPlugins\OpenFlight\VertexPaletteManager.h">
      <Filter>Header Files</Filter>
    </ClInclude>
    <ClInclude Include="C:\OpenSceneGraph-3.5\OpenSceneGraph\src\osgPlugins\OpenFlight\Opcodes.h">
      <Filter>Header Files</Filter>
    </ClInclude>
    <ClInclude Include="C:\OpenSceneGraph-3.5\OpenSceneGraph\src\osgPlugins\OpenFlight\Types.h">
      <Filter>Header Files</Filter>
    </ClInclude>
    <ClInclude Include="C:\OpenSceneGraph-3.5\OpenSceneGraph\src\osgPlugins\OpenFlight\Utils.h">
      <Filter>Header Files</Filter>
    </ClInclude>
  </ItemGroup>
  <ItemGroup>
    <CustomBuild Include="C:\OpenSceneGraph-3.5\OpenSceneGraph\src\osgPlugins\OpenFlight\CMakeLists.txt" />
  </ItemGroup>
  <ItemGroup>
    <ResourceCompile Include="C:\OpenSceneGraph-3.5\OpenSceneGraph\PlatformSpecifics\Windows\OpenSceneGraphVersionInfo.rc">
      <Filter>Source Files</Filter>
    </ResourceCompile>
  </ItemGroup>
  <ItemGroup>
    <Filter Include="Header Files">
      <UniqueIdentifier>{572A7C32-213F-3C5C-8275-47042AE3BD21}</UniqueIdentifier>
    </Filter>
    <Filter Include="Source Files">
      <UniqueIdentifier>{A1BA5AA6-FA74-38C4-89CB-D23868A493DF}</UniqueIdentifier>
    </Filter>
  </ItemGroup>
</Project>
